
Microsoft Visual Studio Solution File, Format Version 12.00
# Visual Studio Version 17
VisualStudioVersion = 17.0.32126.317
MinimumVisualStudioVersion = 10.0.40219.1
Project("{FAE04EC0-301F-11D3-BF4B-00C04F79EFBC}") = "PackageService", "PackageService\PackageService.csproj", "{780D9E10-4A1C-4D42-A801-D16619DF8511}"
EndProject
Global
	GlobalSection(SolutionConfigurationPlatforms) = preSolution
		Debug|Any CPU = Debug|Any CPU
		Release|Any CPU = Release|Any CPU
	EndGlobalSection
	GlobalSection(ProjectConfigurationPlatforms) = postSolution
		{780D9E10-4A1C-4D42-A801-D16619DF8511}.Debug|Any CPU.ActiveCfg = Debug|Any CPU
		{780D9E10-4A1C-4D42-A801-D16619DF8511}.Debug|Any CPU.Build.0 = Debug|Any CPU
		{780D9E10-4A1C-4D42-A801-D16619DF8511}.Release|Any CPU.ActiveCfg = Release|Any CPU
		{780D9E10-4A1C-4D42-A801-D16619DF8511}.Release|Any CPU.Build.0 = Release|Any CPU
	EndGlobalSection
	GlobalSection(SolutionProperties) = preSolution
		HideSolutionNode = FALSE
	EndGlobalSection
	GlobalSection(ExtensibilityGlobals) = postSolution
		SolutionGuid = {96340C5D-470D-4713-83BA-816FED4E2A4B}
	EndGlobalSection
EndGlobal
